# This file is automatically @generated by Cargo.
# It is not intended for manual editing.
version = 4

[[package]]
name = "project_1"
version = "0.1.0"
dependencies = [
 "semire_core",
]

[[package]]
name = "semire_core"
version = "0.1.3"
source = "registry+https://github.com/rust-lang/crates.io-index"
checksum = "8dec4d58ad95a8c2884c8870c17f3d869a85fedc2950669f75dc979ae29b0b3d"
