# This file is automatically @generated by Cargo.
# It is not intended for manual editing.
version = 4

[[package]]
name = "project_1"
version = "0.1.0"
dependencies = [
 "semire_read",
]

[[package]]
name = "semire_read"
version = "0.2.0"
source = "registry+https://github.com/rust-lang/crates.io-index"
checksum = "3cbab063603855056371df74824f0f72139f75c6fcb318b01821415b70939a86"
